
Microsoft Visual Studio Solution File, Format Version 12.00
# Visual Studio 2013
VisualStudioVersion = 12.0.21005.1
MinimumVisualStudioVersion = 10.0.40219.1
Project("{FAE04EC0-301F-11D3-BF4B-00C04F79EFBC}") = "ReportingEngine", "ReportingEngine\ReportingEngine.csproj", "{D5AC1096-767B-4698-B97A-58F9BA58BFEC}"
EndProject
Project("{FAE04EC0-301F-11D3-BF4B-00C04F79EFBC}") = "ProductScanner.Website", "ProductScanner.Website\ProductScanner.Website.csproj", "{D0F18997-D76B-42BA-B0AB-BBD5CEC49E19}"
EndProject
Project("{FAE04EC0-301F-11D3-BF4B-00C04F79EFBC}") = "ProductScanner.Data", "ProductScanner.Data\ProductScanner.Data.csproj", "{F5A0573C-EBDE-456A-A709-D7A6677D2279}"
EndProject
Project("{FAE04EC0-301F-11D3-BF4B-00C04F79EFBC}") = "ProductScanner.Core", "ProductScanner.Core\ProductScanner.Core.csproj", "{3863B1CC-E94E-410C-B77F-F68F5372CCC1}"
EndProject
Project("{2150E333-8FDC-42A3-9474-1A3956D46DE8}") = "UIs", "UIs", "{A48A1A01-4C60-4729-B263-4197BD2F89F8}"
EndProject
Project("{FAE04EC0-301F-11D3-BF4B-00C04F79EFBC}") = "Utilities", "Utilities\Utilities.csproj", "{9FDCEE7E-25DF-4724-B7A4-DE36A979B236}"
EndProject
Project("{FAE04EC0-301F-11D3-BF4B-00C04F79EFBC}") = "ProductScanner.LoadTester", "ProductScanner.LoadTester\ProductScanner.LoadTester.csproj", "{BC7605C6-223D-4E81-8B95-EA684B5107A6}"
EndProject
Project("{2150E333-8FDC-42A3-9474-1A3956D46DE8}") = "Vendors", "Vendors", "{17AADAB2-4AB9-492B-A467-07435D6F716F}"
EndProject
Project("{FAE04EC0-301F-11D3-BF4B-00C04F79EFBC}") = "ProductScanner.StoreData", "ProductScanner.StoreData\ProductScanner.StoreData.csproj", "{AEA73508-5A20-4075-8FA4-6587FF675A5E}"
EndProject
Project("{FAE04EC0-301F-11D3-BF4B-00C04F79EFBC}") = "Stout", "Vendors\Stout\Stout.csproj", "{DAF788CA-DB58-48C5-B296-0BBB7D267876}"
EndProject
Project("{FAE04EC0-301F-11D3-BF4B-00C04F79EFBC}") = "Brewster", "Vendors\Brewster\Brewster.csproj", "{F45C4745-F6AC-467A-9302-C03B90BAAD98}"
EndProject
Project("{FAE04EC0-301F-11D3-BF4B-00C04F79EFBC}") = "ClarenceHouse", "Vendors\ClarenceHouse\ClarenceHouse.csproj", "{EC535354-2316-448D-97E2-DED93F646EDC}"
EndProject
Project("{FAE04EC0-301F-11D3-BF4B-00C04F79EFBC}") = "Fabricut", "Vendors\Fabricut\Fabricut.csproj", "{0BC4F6BE-C933-407E-81C4-9CF7B6768470}"
EndProject
Project("{FAE04EC0-301F-11D3-BF4B-00C04F79EFBC}") = "FSchumacher", "Vendors\FSchumacher\FSchumacher.csproj", "{CE0AD809-2758-4FC0-A5E1-D38C9E628F9E}"
EndProject
Project("{FAE04EC0-301F-11D3-BF4B-00C04F79EFBC}") = "Kravet", "Vendors\Kravet\Kravet.csproj", "{6DD14FDB-BD8E-4485-BCF5-07F748C18718}"
EndProject
Project("{FAE04EC0-301F-11D3-BF4B-00C04F79EFBC}") = "Maxwell", "Vendors\Maxwell\Maxwell.csproj", "{A50B901A-495F-47F9-922F-886A5DB56070}"
EndProject
Project("{FAE04EC0-301F-11D3-BF4B-00C04F79EFBC}") = "York", "Vendors\York\York.csproj", "{CFD78DA0-1D4B-4C75-B379-1777A3AB5116}"
EndProject
Project("{FAE04EC0-301F-11D3-BF4B-00C04F79EFBC}") = "SilverState", "Vendors\SilverState\SilverState.csproj", "{4BDAB118-5531-46E6-9C6F-874E99BF194E}"
EndProject
Project("{FAE04EC0-301F-11D3-BF4B-00C04F79EFBC}") = "RalphLauren", "Vendors\RalphLauren\RalphLauren.csproj", "{B10B36D8-F8F7-4AC6-BA5C-435D9DFF3B95}"
EndProject
Project("{FAE04EC0-301F-11D3-BF4B-00C04F79EFBC}") = "Pindler", "Vendors\Pindler\Pindler.csproj", "{4C77CAE0-BE2B-4D8A-884F-551503FC9D7A}"
EndProject
Project("{FAE04EC0-301F-11D3-BF4B-00C04F79EFBC}") = "Sunbrella", "Vendors\Sunbrella\Sunbrella.csproj", "{0F166075-890A-4DFE-AD68-103F7713C550}"
EndProject
Project("{FAE04EC0-301F-11D3-BF4B-00C04F79EFBC}") = "Scalamandre", "Vendors\Scalamandre\Scalamandre.csproj", "{02DB2DD1-D82A-4F5B-BF90-42C212D5B271}"
EndProject
Project("{FAE04EC0-301F-11D3-BF4B-00C04F79EFBC}") = "RobertAllen", "Vendors\RobertAllen\RobertAllen.csproj", "{5C826EE1-EB64-4785-B165-F6D9866205DE}"
EndProject
Project("{FAE04EC0-301F-11D3-BF4B-00C04F79EFBC}") = "Norwall", "Vendors\Norwall\Norwall.csproj", "{C3D9E9A5-815C-43E8-A229-4673C63771E5}"
EndProject
Project("{FAE04EC0-301F-11D3-BF4B-00C04F79EFBC}") = "RMCoco", "Vendors\RMCoco\RMCoco.csproj", "{38A01CD5-4096-472F-9E54-D407AD18750A}"
EndProject
Project("{FAE04EC0-301F-11D3-BF4B-00C04F79EFBC}") = "Kasmir", "Vendors\Kasmir\Kasmir.csproj", "{3BFF635D-01F8-4F3E-92CD-33A317672301}"
EndProject
Project("{FAE04EC0-301F-11D3-BF4B-00C04F79EFBC}") = "Duralee", "Vendors\Duralee\Duralee.csproj", "{D6FD82A9-5C41-4E8B-A1A3-E92EDC459AF9}"
EndProject
Project("{FAE04EC0-301F-11D3-BF4B-00C04F79EFBC}") = "JFFabrics", "Vendors\Joanne\JFFabrics.csproj", "{0F4FEAAE-FA3B-4080-88C5-8D35035E2093}"
EndProject
Project("{FAE04EC0-301F-11D3-BF4B-00C04F79EFBC}") = "InnovationsUsa", "Vendors\InnovationsUsa\InnovationsUsa.csproj", "{43A5EB89-6561-4275-B043-962308F4FF4F}"
EndProject
Project("{FAE04EC0-301F-11D3-BF4B-00C04F79EFBC}") = "WinfieldThybony", "vendors\WinfieldThybony\WinfieldThybony.csproj", "{01B3D7D8-7B39-4D47-B023-8D1EC228A0C1}"
EndProject
Project("{FAE04EC0-301F-11D3-BF4B-00C04F79EFBC}") = "Vendors.Tests", "Vendors.Tests\Vendors.Tests.csproj", "{5B805754-3C6B-4EC9-ACAE-C0F4CB0A48BD}"
EndProject
Project("{FAE04EC0-301F-11D3-BF4B-00C04F79EFBC}") = "ProductScanner.Core.Tests", "ProductScanner.Core.Tests\ProductScanner.Core.Tests.csproj", "{D7370AD0-01BA-4C1D-9F0C-2515E96AEA85}"
EndProject
Project("{FAE04EC0-301F-11D3-BF4B-00C04F79EFBC}") = "ProductScanner.App", "ProductScanner.App\ProductScanner.App.csproj", "{0E21BE1D-EEB7-46CF-9976-A052A51522BB}"
EndProject
Project("{FAE04EC0-301F-11D3-BF4B-00C04F79EFBC}") = "Utilities.Tests", "Utilities.Tests\Utilities.Tests.csproj", "{E6841405-0982-4C3D-93D1-D573C79DE986}"
EndProject
Project("{FAE04EC0-301F-11D3-BF4B-00C04F79EFBC}") = "PhillipJeffries", "Vendors\PhillipJeffries\PhillipJeffries.csproj", "{66C2F9F1-93C9-496A-B592-46B656EDA01A}"
EndProject
Project("{2150E333-8FDC-42A3-9474-1A3956D46DE8}") = "InsideAvenue", "InsideAvenue", "{FE3C0014-0400-4A8A-841D-D107A1DD25FB}"
EndProject
Project("{FAE04EC0-301F-11D3-BF4B-00C04F79EFBC}") = "CurreyCo", "Vendors\CurreyCo\CurreyCo.csproj", "{A9172758-4646-48CA-997C-70345C104CF6}"
EndProject
Project("{FAE04EC0-301F-11D3-BF4B-00C04F79EFBC}") = "CyanDesign", "Vendors\CyanDesign\CyanDesign.csproj", "{DB219D4E-EB80-40C6-9F07-D94BE7B4537F}"
EndProject
Project("{FAE04EC0-301F-11D3-BF4B-00C04F79EFBC}") = "WorldsAway", "Vendors\WorldsAway\WorldsAway.csproj", "{378D18DA-E596-42FA-8400-475CF237A0B7}"
EndProject
Project("{FAE04EC0-301F-11D3-BF4B-00C04F79EFBC}") = "JaipurHomeware", "Vendors\JaipurHomeware\JaipurHomeware.csproj", "{01AA41A9-98E2-4C87-BE1C-87CBE4E87D56}"
EndProject
Project("{FAE04EC0-301F-11D3-BF4B-00C04F79EFBC}") = "KenroyHome", "Vendors\KenroyHome\KenroyHome.csproj", "{26B69983-6A49-42A6-BE8A-86224377E5D1}"
EndProject
Project("{FAE04EC0-301F-11D3-BF4B-00C04F79EFBC}") = "SuryaHomeware", "Vendors\SuryaHomeware\SuryaHomeware.csproj", "{1E329E6A-3614-473D-BFC1-3D33A093F215}"
EndProject
Project("{FAE04EC0-301F-11D3-BF4B-00C04F79EFBC}") = "AllstateFloral", "Vendors\AllstateFloral\AllstateFloral.csproj", "{AB780B99-D290-4DB5-BB9C-1FF45BC1467E}"
EndProject
Project("{FAE04EC0-301F-11D3-BF4B-00C04F79EFBC}") = "DistinctiveDesigns", "Vendors\DistinctiveDesigns\DistinctiveDesigns.csproj", "{89376E8A-50B0-4D08-946A-E712EE823880}"
EndProject
Project("{FAE04EC0-301F-11D3-BF4B-00C04F79EFBC}") = "NewGrowthDesigns", "Vendors\NewGrowthDesigns\NewGrowthDesigns.csproj", "{B784A458-1D5C-444B-86D4-90F10ECADDEF}"
EndProject
Project("{FAE04EC0-301F-11D3-BF4B-00C04F79EFBC}") = "SquareFeathers", "Vendors\SquareFeathers\SquareFeathers.csproj", "{1DD30FAF-9314-46A9-9E42-E84C4571169F}"
EndProject
Project("{FAE04EC0-301F-11D3-BF4B-00C04F79EFBC}") = "SafaviehHomeware", "Vendors\SafaviehHomeware\SafaviehHomeware.csproj", "{1DF4C000-6855-42E5-867B-5214D34891A1}"
EndProject
Project("{FAE04EC0-301F-11D3-BF4B-00C04F79EFBC}") = "AidanGrayHome", "Vendors\AidenGrayHome\AidanGrayHome.csproj", "{83E097CE-FC2C-4E9B-B614-9D0329F44D86}"
EndProject
Project("{2150E333-8FDC-42A3-9474-1A3956D46DE8}") = "Fabric", "Fabric", "{C7725431-C949-4085-BC0C-DE32D5E5263C}"
EndProject
Project("{FAE04EC0-301F-11D3-BF4B-00C04F79EFBC}") = "IMAX", "Vendors\IMAX\IMAX.csproj", "{F3A1923A-49DD-4C07-A42F-9ACDDC523C8D}"
EndProject
Project("{FAE04EC0-301F-11D3-BF4B-00C04F79EFBC}") = "ClassicHome", "Vendors\ClassicHome\ClassicHome.csproj", "{2E7906B3-D4FC-410C-9552-BC7A186F2E6D}"
EndProject
Project("{FAE04EC0-301F-11D3-BF4B-00C04F79EFBC}") = "RyanStudio", "Vendors\RyanStudio\RyanStudio.csproj", "{E878A673-D398-44FF-847D-85C50C23293B}"
EndProject
Project("{FAE04EC0-301F-11D3-BF4B-00C04F79EFBC}") = "Emissary", "Vendors\Emissary\Emissary.csproj", "{318159D3-E12D-4BB0-B7DD-3CE2F7C626A1}"
EndProject
Project("{FAE04EC0-301F-11D3-BF4B-00C04F79EFBC}") = "LegendOfAsia", "Vendors\LegendsOfAsia\LegendOfAsia.csproj", "{05AC3787-7354-47ED-9FE1-BF1D24C06BFA}"
EndProject
Project("{FAE04EC0-301F-11D3-BF4B-00C04F79EFBC}") = "JEnnis", "Vendors\JEnnis\JEnnis.csproj", "{B5958101-0B7D-4F20-9039-83D22284C563}"
EndProject
Project("{FAE04EC0-301F-11D3-BF4B-00C04F79EFBC}") = "GoHomeLTD", "Vendors\GoHomeLTD\GoHomeLTD.csproj", "{4A7339B3-2D18-4A14-A542-9AA45EAF67BC}"
EndProject
Project("{FAE04EC0-301F-11D3-BF4B-00C04F79EFBC}") = "LuxArtSilks", "Vendors\LuxArtSilks\LuxArtSilks.csproj", "{3D4711F7-D614-4132-A6DC-27A8949E1EE2}"
EndProject
Project("{FAE04EC0-301F-11D3-BF4B-00C04F79EFBC}") = "MirrorImage", "Vendors\MirrorImage\MirrorImage.csproj", "{0D757565-A89D-4DF1-AD88-82A72C8AE771}"
EndProject
Project("{FAE04EC0-301F-11D3-BF4B-00C04F79EFBC}") = "ArtAndFrameSource", "Vendors\ArtAndFrameSource\ArtAndFrameSource.csproj", "{A8F8AD23-11EC-41BE-B781-EC646C6B8C4A}"
EndProject
Project("{FAE04EC0-301F-11D3-BF4B-00C04F79EFBC}") = "WildWoodLamps", "Vendors\WildWoodLamps\WildWoodLamps.csproj", "{A2B6E5CB-0796-417B-B2C2-19AD530FEB7E}"
EndProject
Global
	GlobalSection(SolutionConfigurationPlatforms) = preSolution
		Debug|Any CPU = Debug|Any CPU
		Debug|Mixed Platforms = Debug|Mixed Platforms
		Debug|x86 = Debug|x86
		Release|Any CPU = Release|Any CPU
		Release|Mixed Platforms = Release|Mixed Platforms
		Release|x86 = Release|x86
	EndGlobalSection
	GlobalSection(ProjectConfigurationPlatforms) = postSolution
		{D5AC1096-767B-4698-B97A-58F9BA58BFEC}.Debug|Any CPU.ActiveCfg = Debug|Any CPU
		{D5AC1096-767B-4698-B97A-58F9BA58BFEC}.Debug|Any CPU.Build.0 = Debug|Any CPU
		{D5AC1096-767B-4698-B97A-58F9BA58BFEC}.Debug|Mixed Platforms.ActiveCfg = Debug|Any CPU
		{D5AC1096-767B-4698-B97A-58F9BA58BFEC}.Debug|Mixed Platforms.Build.0 = Debug|Any CPU
		{D5AC1096-767B-4698-B97A-58F9BA58BFEC}.Debug|x86.ActiveCfg = Debug|Any CPU
		{D5AC1096-767B-4698-B97A-58F9BA58BFEC}.Release|Any CPU.ActiveCfg = Release|Any CPU
		{D5AC1096-767B-4698-B97A-58F9BA58BFEC}.Release|Any CPU.Build.0 = Release|Any CPU
		{D5AC1096-767B-4698-B97A-58F9BA58BFEC}.Release|Mixed Platforms.ActiveCfg = Release|Any CPU
		{D5AC1096-767B-4698-B97A-58F9BA58BFEC}.Release|Mixed Platforms.Build.0 = Release|Any CPU
		{D5AC1096-767B-4698-B97A-58F9BA58BFEC}.Release|x86.ActiveCfg = Release|Any CPU
		{D0F18997-D76B-42BA-B0AB-BBD5CEC49E19}.Debug|Any CPU.ActiveCfg = Debug|Any CPU
		{D0F18997-D76B-42BA-B0AB-BBD5CEC49E19}.Debug|Any CPU.Build.0 = Debug|Any CPU
		{D0F18997-D76B-42BA-B0AB-BBD5CEC49E19}.Debug|Mixed Platforms.ActiveCfg = Debug|Any CPU
		{D0F18997-D76B-42BA-B0AB-BBD5CEC49E19}.Debug|Mixed Platforms.Build.0 = Debug|Any CPU
		{D0F18997-D76B-42BA-B0AB-BBD5CEC49E19}.Debug|x86.ActiveCfg = Debug|Any CPU
		{D0F18997-D76B-42BA-B0AB-BBD5CEC49E19}.Release|Any CPU.ActiveCfg = Release|Any CPU
		{D0F18997-D76B-42BA-B0AB-BBD5CEC49E19}.Release|Any CPU.Build.0 = Release|Any CPU
		{D0F18997-D76B-42BA-B0AB-BBD5CEC49E19}.Release|Mixed Platforms.ActiveCfg = Release|Any CPU
		{D0F18997-D76B-42BA-B0AB-BBD5CEC49E19}.Release|Mixed Platforms.Build.0 = Release|Any CPU
		{D0F18997-D76B-42BA-B0AB-BBD5CEC49E19}.Release|x86.ActiveCfg = Release|Any CPU
		{F5A0573C-EBDE-456A-A709-D7A6677D2279}.Debug|Any CPU.ActiveCfg = Debug|Any CPU
		{F5A0573C-EBDE-456A-A709-D7A6677D2279}.Debug|Any CPU.Build.0 = Debug|Any CPU
		{F5A0573C-EBDE-456A-A709-D7A6677D2279}.Debug|Mixed Platforms.ActiveCfg = Debug|Any CPU
		{F5A0573C-EBDE-456A-A709-D7A6677D2279}.Debug|Mixed Platforms.Build.0 = Debug|Any CPU
		{F5A0573C-EBDE-456A-A709-D7A6677D2279}.Debug|x86.ActiveCfg = Debug|Any CPU
		{F5A0573C-EBDE-456A-A709-D7A6677D2279}.Release|Any CPU.ActiveCfg = Release|Any CPU
		{F5A0573C-EBDE-456A-A709-D7A6677D2279}.Release|Any CPU.Build.0 = Release|Any CPU
		{F5A0573C-EBDE-456A-A709-D7A6677D2279}.Release|Mixed Platforms.ActiveCfg = Release|Any CPU
		{F5A0573C-EBDE-456A-A709-D7A6677D2279}.Release|Mixed Platforms.Build.0 = Release|Any CPU
		{F5A0573C-EBDE-456A-A709-D7A6677D2279}.Release|x86.ActiveCfg = Release|Any CPU
		{3863B1CC-E94E-410C-B77F-F68F5372CCC1}.Debug|Any CPU.ActiveCfg = Debug|Any CPU
		{3863B1CC-E94E-410C-B77F-F68F5372CCC1}.Debug|Any CPU.Build.0 = Debug|Any CPU
		{3863B1CC-E94E-410C-B77F-F68F5372CCC1}.Debug|Mixed Platforms.ActiveCfg = Debug|Any CPU
		{3863B1CC-E94E-410C-B77F-F68F5372CCC1}.Debug|Mixed Platforms.Build.0 = Debug|Any CPU
		{3863B1CC-E94E-410C-B77F-F68F5372CCC1}.Debug|x86.ActiveCfg = Debug|Any CPU
		{3863B1CC-E94E-410C-B77F-F68F5372CCC1}.Release|Any CPU.ActiveCfg = Release|Any CPU
		{3863B1CC-E94E-410C-B77F-F68F5372CCC1}.Release|Any CPU.Build.0 = Release|Any CPU
		{3863B1CC-E94E-410C-B77F-F68F5372CCC1}.Release|Mixed Platforms.ActiveCfg = Release|Any CPU
		{3863B1CC-E94E-410C-B77F-F68F5372CCC1}.Release|Mixed Platforms.Build.0 = Release|Any CPU
		{3863B1CC-E94E-410C-B77F-F68F5372CCC1}.Release|x86.ActiveCfg = Release|Any CPU
		{9FDCEE7E-25DF-4724-B7A4-DE36A979B236}.Debug|Any CPU.ActiveCfg = Debug|Any CPU
		{9FDCEE7E-25DF-4724-B7A4-DE36A979B236}.Debug|Any CPU.Build.0 = Debug|Any CPU
		{9FDCEE7E-25DF-4724-B7A4-DE36A979B236}.Debug|Mixed Platforms.ActiveCfg = Debug|Any CPU
		{9FDCEE7E-25DF-4724-B7A4-DE36A979B236}.Debug|Mixed Platforms.Build.0 = Debug|Any CPU
		{9FDCEE7E-25DF-4724-B7A4-DE36A979B236}.Debug|x86.ActiveCfg = Debug|Any CPU
		{9FDCEE7E-25DF-4724-B7A4-DE36A979B236}.Release|Any CPU.ActiveCfg = Release|Any CPU
		{9FDCEE7E-25DF-4724-B7A4-DE36A979B236}.Release|Any CPU.Build.0 = Release|Any CPU
		{9FDCEE7E-25DF-4724-B7A4-DE36A979B236}.Release|Mixed Platforms.ActiveCfg = Release|Any CPU
		{9FDCEE7E-25DF-4724-B7A4-DE36A979B236}.Release|Mixed Platforms.Build.0 = Release|Any CPU
		{9FDCEE7E-25DF-4724-B7A4-DE36A979B236}.Release|x86.ActiveCfg = Release|Any CPU
		{BC7605C6-223D-4E81-8B95-EA684B5107A6}.Debug|Any CPU.ActiveCfg = Debug|Any CPU
		{BC7605C6-223D-4E81-8B95-EA684B5107A6}.Debug|Any CPU.Build.0 = Debug|Any CPU
		{BC7605C6-223D-4E81-8B95-EA684B5107A6}.Debug|Mixed Platforms.ActiveCfg = Debug|Any CPU
		{BC7605C6-223D-4E81-8B95-EA684B5107A6}.Debug|Mixed Platforms.Build.0 = Debug|Any CPU
		{BC7605C6-223D-4E81-8B95-EA684B5107A6}.Debug|x86.ActiveCfg = Debug|Any CPU
		{BC7605C6-223D-4E81-8B95-EA684B5107A6}.Release|Any CPU.ActiveCfg = Release|Any CPU
		{BC7605C6-223D-4E81-8B95-EA684B5107A6}.Release|Any CPU.Build.0 = Release|Any CPU
		{BC7605C6-223D-4E81-8B95-EA684B5107A6}.Release|Mixed Platforms.ActiveCfg = Release|Any CPU
		{BC7605C6-223D-4E81-8B95-EA684B5107A6}.Release|Mixed Platforms.Build.0 = Release|Any CPU
		{BC7605C6-223D-4E81-8B95-EA684B5107A6}.Release|x86.ActiveCfg = Release|Any CPU
		{AEA73508-5A20-4075-8FA4-6587FF675A5E}.Debug|Any CPU.ActiveCfg = Debug|Any CPU
		{AEA73508-5A20-4075-8FA4-6587FF675A5E}.Debug|Any CPU.Build.0 = Debug|Any CPU
		{AEA73508-5A20-4075-8FA4-6587FF675A5E}.Debug|Mixed Platforms.ActiveCfg = Debug|Any CPU
		{AEA73508-5A20-4075-8FA4-6587FF675A5E}.Debug|Mixed Platforms.Build.0 = Debug|Any CPU
		{AEA73508-5A20-4075-8FA4-6587FF675A5E}.Debug|x86.ActiveCfg = Debug|Any CPU
		{AEA73508-5A20-4075-8FA4-6587FF675A5E}.Release|Any CPU.ActiveCfg = Release|Any CPU
		{AEA73508-5A20-4075-8FA4-6587FF675A5E}.Release|Any CPU.Build.0 = Release|Any CPU
		{AEA73508-5A20-4075-8FA4-6587FF675A5E}.Release|Mixed Platforms.ActiveCfg = Release|Any CPU
		{AEA73508-5A20-4075-8FA4-6587FF675A5E}.Release|Mixed Platforms.Build.0 = Release|Any CPU
		{AEA73508-5A20-4075-8FA4-6587FF675A5E}.Release|x86.ActiveCfg = Release|Any CPU
		{DAF788CA-DB58-48C5-B296-0BBB7D267876}.Debug|Any CPU.ActiveCfg = Debug|Any CPU
		{DAF788CA-DB58-48C5-B296-0BBB7D267876}.Debug|Any CPU.Build.0 = Debug|Any CPU
		{DAF788CA-DB58-48C5-B296-0BBB7D267876}.Debug|Mixed Platforms.ActiveCfg = Debug|Any CPU
		{DAF788CA-DB58-48C5-B296-0BBB7D267876}.Debug|Mixed Platforms.Build.0 = Debug|Any CPU
		{DAF788CA-DB58-48C5-B296-0BBB7D267876}.Debug|x86.ActiveCfg = Debug|Any CPU
		{DAF788CA-DB58-48C5-B296-0BBB7D267876}.Release|Any CPU.ActiveCfg = Release|Any CPU
		{DAF788CA-DB58-48C5-B296-0BBB7D267876}.Release|Any CPU.Build.0 = Release|Any CPU
		{DAF788CA-DB58-48C5-B296-0BBB7D267876}.Release|Mixed Platforms.ActiveCfg = Release|Any CPU
		{DAF788CA-DB58-48C5-B296-0BBB7D267876}.Release|Mixed Platforms.Build.0 = Release|Any CPU
		{DAF788CA-DB58-48C5-B296-0BBB7D267876}.Release|x86.ActiveCfg = Release|Any CPU
		{F45C4745-F6AC-467A-9302-C03B90BAAD98}.Debug|Any CPU.ActiveCfg = Debug|Any CPU
		{F45C4745-F6AC-467A-9302-C03B90BAAD98}.Debug|Any CPU.Build.0 = Debug|Any CPU
		{F45C4745-F6AC-467A-9302-C03B90BAAD98}.Debug|Mixed Platforms.ActiveCfg = Debug|Any CPU
		{F45C4745-F6AC-467A-9302-C03B90BAAD98}.Debug|Mixed Platforms.Build.0 = Debug|Any CPU
		{F45C4745-F6AC-467A-9302-C03B90BAAD98}.Debug|x86.ActiveCfg = Debug|Any CPU
		{F45C4745-F6AC-467A-9302-C03B90BAAD98}.Release|Any CPU.ActiveCfg = Release|Any CPU
		{F45C4745-F6AC-467A-9302-C03B90BAAD98}.Release|Any CPU.Build.0 = Release|Any CPU
		{F45C4745-F6AC-467A-9302-C03B90BAAD98}.Release|Mixed Platforms.ActiveCfg = Release|Any CPU
		{F45C4745-F6AC-467A-9302-C03B90BAAD98}.Release|Mixed Platforms.Build.0 = Release|Any CPU
		{F45C4745-F6AC-467A-9302-C03B90BAAD98}.Release|x86.ActiveCfg = Release|Any CPU
		{EC535354-2316-448D-97E2-DED93F646EDC}.Debug|Any CPU.ActiveCfg = Debug|Any CPU
		{EC535354-2316-448D-97E2-DED93F646EDC}.Debug|Any CPU.Build.0 = Debug|Any CPU
		{EC535354-2316-448D-97E2-DED93F646EDC}.Debug|Mixed Platforms.ActiveCfg = Debug|Any CPU
		{EC535354-2316-448D-97E2-DED93F646EDC}.Debug|Mixed Platforms.Build.0 = Debug|Any CPU
		{EC535354-2316-448D-97E2-DED93F646EDC}.Debug|x86.ActiveCfg = Debug|Any CPU
		{EC535354-2316-448D-97E2-DED93F646EDC}.Release|Any CPU.ActiveCfg = Release|Any CPU
		{EC535354-2316-448D-97E2-DED93F646EDC}.Release|Any CPU.Build.0 = Release|Any CPU
		{EC535354-2316-448D-97E2-DED93F646EDC}.Release|Mixed Platforms.ActiveCfg = Release|Any CPU
		{EC535354-2316-448D-97E2-DED93F646EDC}.Release|Mixed Platforms.Build.0 = Release|Any CPU
		{EC535354-2316-448D-97E2-DED93F646EDC}.Release|x86.ActiveCfg = Release|Any CPU
		{0BC4F6BE-C933-407E-81C4-9CF7B6768470}.Debug|Any CPU.ActiveCfg = Debug|Any CPU
		{0BC4F6BE-C933-407E-81C4-9CF7B6768470}.Debug|Any CPU.Build.0 = Debug|Any CPU
		{0BC4F6BE-C933-407E-81C4-9CF7B6768470}.Debug|Mixed Platforms.ActiveCfg = Debug|Any CPU
		{0BC4F6BE-C933-407E-81C4-9CF7B6768470}.Debug|Mixed Platforms.Build.0 = Debug|Any CPU
		{0BC4F6BE-C933-407E-81C4-9CF7B6768470}.Debug|x86.ActiveCfg = Debug|Any CPU
		{0BC4F6BE-C933-407E-81C4-9CF7B6768470}.Release|Any CPU.ActiveCfg = Release|Any CPU
		{0BC4F6BE-C933-407E-81C4-9CF7B6768470}.Release|Any CPU.Build.0 = Release|Any CPU
		{0BC4F6BE-C933-407E-81C4-9CF7B6768470}.Release|Mixed Platforms.ActiveCfg = Release|Any CPU
		{0BC4F6BE-C933-407E-81C4-9CF7B6768470}.Release|Mixed Platforms.Build.0 = Release|Any CPU
		{0BC4F6BE-C933-407E-81C4-9CF7B6768470}.Release|x86.ActiveCfg = Release|Any CPU
		{CE0AD809-2758-4FC0-A5E1-D38C9E628F9E}.Debug|Any CPU.ActiveCfg = Debug|Any CPU
		{CE0AD809-2758-4FC0-A5E1-D38C9E628F9E}.Debug|Any CPU.Build.0 = Debug|Any CPU
		{CE0AD809-2758-4FC0-A5E1-D38C9E628F9E}.Debug|Mixed Platforms.ActiveCfg = Debug|Any CPU
		{CE0AD809-2758-4FC0-A5E1-D38C9E628F9E}.Debug|Mixed Platforms.Build.0 = Debug|Any CPU
		{CE0AD809-2758-4FC0-A5E1-D38C9E628F9E}.Debug|x86.ActiveCfg = Debug|Any CPU
		{CE0AD809-2758-4FC0-A5E1-D38C9E628F9E}.Release|Any CPU.ActiveCfg = Release|Any CPU
		{CE0AD809-2758-4FC0-A5E1-D38C9E628F9E}.Release|Any CPU.Build.0 = Release|Any CPU
		{CE0AD809-2758-4FC0-A5E1-D38C9E628F9E}.Release|Mixed Platforms.ActiveCfg = Release|Any CPU
		{CE0AD809-2758-4FC0-A5E1-D38C9E628F9E}.Release|Mixed Platforms.Build.0 = Release|Any CPU
		{CE0AD809-2758-4FC0-A5E1-D38C9E628F9E}.Release|x86.ActiveCfg = Release|Any CPU
		{6DD14FDB-BD8E-4485-BCF5-07F748C18718}.Debug|Any CPU.ActiveCfg = Debug|Any CPU
		{6DD14FDB-BD8E-4485-BCF5-07F748C18718}.Debug|Any CPU.Build.0 = Debug|Any CPU
		{6DD14FDB-BD8E-4485-BCF5-07F748C18718}.Debug|Mixed Platforms.ActiveCfg = Debug|Any CPU
		{6DD14FDB-BD8E-4485-BCF5-07F748C18718}.Debug|Mixed Platforms.Build.0 = Debug|Any CPU
		{6DD14FDB-BD8E-4485-BCF5-07F748C18718}.Debug|x86.ActiveCfg = Debug|Any CPU
		{6DD14FDB-BD8E-4485-BCF5-07F748C18718}.Release|Any CPU.ActiveCfg = Release|Any CPU
		{6DD14FDB-BD8E-4485-BCF5-07F748C18718}.Release|Any CPU.Build.0 = Release|Any CPU
		{6DD14FDB-BD8E-4485-BCF5-07F748C18718}.Release|Mixed Platforms.ActiveCfg = Release|Any CPU
		{6DD14FDB-BD8E-4485-BCF5-07F748C18718}.Release|Mixed Platforms.Build.0 = Release|Any CPU
		{6DD14FDB-BD8E-4485-BCF5-07F748C18718}.Release|x86.ActiveCfg = Release|Any CPU
		{A50B901A-495F-47F9-922F-886A5DB56070}.Debug|Any CPU.ActiveCfg = Debug|Any CPU
		{A50B901A-495F-47F9-922F-886A5DB56070}.Debug|Any CPU.Build.0 = Debug|Any CPU
		{A50B901A-495F-47F9-922F-886A5DB56070}.Debug|Mixed Platforms.ActiveCfg = Debug|Any CPU
		{A50B901A-495F-47F9-922F-886A5DB56070}.Debug|Mixed Platforms.Build.0 = Debug|Any CPU
		{A50B901A-495F-47F9-922F-886A5DB56070}.Debug|x86.ActiveCfg = Debug|Any CPU
		{A50B901A-495F-47F9-922F-886A5DB56070}.Release|Any CPU.ActiveCfg = Release|Any CPU
		{A50B901A-495F-47F9-922F-886A5DB56070}.Release|Any CPU.Build.0 = Release|Any CPU
		{A50B901A-495F-47F9-922F-886A5DB56070}.Release|Mixed Platforms.ActiveCfg = Release|Any CPU
		{A50B901A-495F-47F9-922F-886A5DB56070}.Release|Mixed Platforms.Build.0 = Release|Any CPU
		{A50B901A-495F-47F9-922F-886A5DB56070}.Release|x86.ActiveCfg = Release|Any CPU
		{CFD78DA0-1D4B-4C75-B379-1777A3AB5116}.Debug|Any CPU.ActiveCfg = Debug|Any CPU
		{CFD78DA0-1D4B-4C75-B379-1777A3AB5116}.Debug|Any CPU.Build.0 = Debug|Any CPU
		{CFD78DA0-1D4B-4C75-B379-1777A3AB5116}.Debug|Mixed Platforms.ActiveCfg = Debug|Any CPU
		{CFD78DA0-1D4B-4C75-B379-1777A3AB5116}.Debug|Mixed Platforms.Build.0 = Debug|Any CPU
		{CFD78DA0-1D4B-4C75-B379-1777A3AB5116}.Debug|x86.ActiveCfg = Debug|Any CPU
		{CFD78DA0-1D4B-4C75-B379-1777A3AB5116}.Release|Any CPU.ActiveCfg = Release|Any CPU
		{CFD78DA0-1D4B-4C75-B379-1777A3AB5116}.Release|Any CPU.Build.0 = Release|Any CPU
		{CFD78DA0-1D4B-4C75-B379-1777A3AB5116}.Release|Mixed Platforms.ActiveCfg = Release|Any CPU
		{CFD78DA0-1D4B-4C75-B379-1777A3AB5116}.Release|Mixed Platforms.Build.0 = Release|Any CPU
		{CFD78DA0-1D4B-4C75-B379-1777A3AB5116}.Release|x86.ActiveCfg = Release|Any CPU
		{4BDAB118-5531-46E6-9C6F-874E99BF194E}.Debug|Any CPU.ActiveCfg = Debug|Any CPU
		{4BDAB118-5531-46E6-9C6F-874E99BF194E}.Debug|Any CPU.Build.0 = Debug|Any CPU
		{4BDAB118-5531-46E6-9C6F-874E99BF194E}.Debug|Mixed Platforms.ActiveCfg = Debug|Any CPU
		{4BDAB118-5531-46E6-9C6F-874E99BF194E}.Debug|Mixed Platforms.Build.0 = Debug|Any CPU
		{4BDAB118-5531-46E6-9C6F-874E99BF194E}.Debug|x86.ActiveCfg = Debug|Any CPU
		{4BDAB118-5531-46E6-9C6F-874E99BF194E}.Release|Any CPU.ActiveCfg = Release|Any CPU
		{4BDAB118-5531-46E6-9C6F-874E99BF194E}.Release|Any CPU.Build.0 = Release|Any CPU
		{4BDAB118-5531-46E6-9C6F-874E99BF194E}.Release|Mixed Platforms.ActiveCfg = Release|Any CPU
		{4BDAB118-5531-46E6-9C6F-874E99BF194E}.Release|Mixed Platforms.Build.0 = Release|Any CPU
		{4BDAB118-5531-46E6-9C6F-874E99BF194E}.Release|x86.ActiveCfg = Release|Any CPU
		{B10B36D8-F8F7-4AC6-BA5C-435D9DFF3B95}.Debug|Any CPU.ActiveCfg = Debug|Any CPU
		{B10B36D8-F8F7-4AC6-BA5C-435D9DFF3B95}.Debug|Any CPU.Build.0 = Debug|Any CPU
		{B10B36D8-F8F7-4AC6-BA5C-435D9DFF3B95}.Debug|Mixed Platforms.ActiveCfg = Debug|Any CPU
		{B10B36D8-F8F7-4AC6-BA5C-435D9DFF3B95}.Debug|Mixed Platforms.Build.0 = Debug|Any CPU
		{B10B36D8-F8F7-4AC6-BA5C-435D9DFF3B95}.Debug|x86.ActiveCfg = Debug|Any CPU
		{B10B36D8-F8F7-4AC6-BA5C-435D9DFF3B95}.Release|Any CPU.ActiveCfg = Release|Any CPU
		{B10B36D8-F8F7-4AC6-BA5C-435D9DFF3B95}.Release|Any CPU.Build.0 = Release|Any CPU
		{B10B36D8-F8F7-4AC6-BA5C-435D9DFF3B95}.Release|Mixed Platforms.ActiveCfg = Release|Any CPU
		{B10B36D8-F8F7-4AC6-BA5C-435D9DFF3B95}.Release|Mixed Platforms.Build.0 = Release|Any CPU
		{B10B36D8-F8F7-4AC6-BA5C-435D9DFF3B95}.Release|x86.ActiveCfg = Release|Any CPU
		{4C77CAE0-BE2B-4D8A-884F-551503FC9D7A}.Debug|Any CPU.ActiveCfg = Debug|Any CPU
		{4C77CAE0-BE2B-4D8A-884F-551503FC9D7A}.Debug|Any CPU.Build.0 = Debug|Any CPU
		{4C77CAE0-BE2B-4D8A-884F-551503FC9D7A}.Debug|Mixed Platforms.ActiveCfg = Debug|Any CPU
		{4C77CAE0-BE2B-4D8A-884F-551503FC9D7A}.Debug|Mixed Platforms.Build.0 = Debug|Any CPU
		{4C77CAE0-BE2B-4D8A-884F-551503FC9D7A}.Debug|x86.ActiveCfg = Debug|Any CPU
		{4C77CAE0-BE2B-4D8A-884F-551503FC9D7A}.Release|Any CPU.ActiveCfg = Release|Any CPU
		{4C77CAE0-BE2B-4D8A-884F-551503FC9D7A}.Release|Any CPU.Build.0 = Release|Any CPU
		{4C77CAE0-BE2B-4D8A-884F-551503FC9D7A}.Release|Mixed Platforms.ActiveCfg = Release|Any CPU
		{4C77CAE0-BE2B-4D8A-884F-551503FC9D7A}.Release|Mixed Platforms.Build.0 = Release|Any CPU
		{4C77CAE0-BE2B-4D8A-884F-551503FC9D7A}.Release|x86.ActiveCfg = Release|Any CPU
		{0F166075-890A-4DFE-AD68-103F7713C550}.Debug|Any CPU.ActiveCfg = Debug|Any CPU
		{0F166075-890A-4DFE-AD68-103F7713C550}.Debug|Any CPU.Build.0 = Debug|Any CPU
		{0F166075-890A-4DFE-AD68-103F7713C550}.Debug|Mixed Platforms.ActiveCfg = Debug|Any CPU
		{0F166075-890A-4DFE-AD68-103F7713C550}.Debug|Mixed Platforms.Build.0 = Debug|Any CPU
		{0F166075-890A-4DFE-AD68-103F7713C550}.Debug|x86.ActiveCfg = Debug|Any CPU
		{0F166075-890A-4DFE-AD68-103F7713C550}.Release|Any CPU.ActiveCfg = Release|Any CPU
		{0F166075-890A-4DFE-AD68-103F7713C550}.Release|Any CPU.Build.0 = Release|Any CPU
		{0F166075-890A-4DFE-AD68-103F7713C550}.Release|Mixed Platforms.ActiveCfg = Release|Any CPU
		{0F166075-890A-4DFE-AD68-103F7713C550}.Release|Mixed Platforms.Build.0 = Release|Any CPU
		{0F166075-890A-4DFE-AD68-103F7713C550}.Release|x86.ActiveCfg = Release|Any CPU
		{02DB2DD1-D82A-4F5B-BF90-42C212D5B271}.Debug|Any CPU.ActiveCfg = Debug|Any CPU
		{02DB2DD1-D82A-4F5B-BF90-42C212D5B271}.Debug|Any CPU.Build.0 = Debug|Any CPU
		{02DB2DD1-D82A-4F5B-BF90-42C212D5B271}.Debug|Mixed Platforms.ActiveCfg = Debug|Any CPU
		{02DB2DD1-D82A-4F5B-BF90-42C212D5B271}.Debug|Mixed Platforms.Build.0 = Debug|Any CPU
		{02DB2DD1-D82A-4F5B-BF90-42C212D5B271}.Debug|x86.ActiveCfg = Debug|Any CPU
		{02DB2DD1-D82A-4F5B-BF90-42C212D5B271}.Release|Any CPU.ActiveCfg = Release|Any CPU
		{02DB2DD1-D82A-4F5B-BF90-42C212D5B271}.Release|Any CPU.Build.0 = Release|Any CPU
		{02DB2DD1-D82A-4F5B-BF90-42C212D5B271}.Release|Mixed Platforms.ActiveCfg = Release|Any CPU
		{02DB2DD1-D82A-4F5B-BF90-42C212D5B271}.Release|Mixed Platforms.Build.0 = Release|Any CPU
		{02DB2DD1-D82A-4F5B-BF90-42C212D5B271}.Release|x86.ActiveCfg = Release|Any CPU
		{5C826EE1-EB64-4785-B165-F6D9866205DE}.Debug|Any CPU.ActiveCfg = Debug|Any CPU
		{5C826EE1-EB64-4785-B165-F6D9866205DE}.Debug|Any CPU.Build.0 = Debug|Any CPU
		{5C826EE1-EB64-4785-B165-F6D9866205DE}.Debug|Mixed Platforms.ActiveCfg = Debug|Any CPU
		{5C826EE1-EB64-4785-B165-F6D9866205DE}.Debug|Mixed Platforms.Build.0 = Debug|Any CPU
		{5C826EE1-EB64-4785-B165-F6D9866205DE}.Debug|x86.ActiveCfg = Debug|Any CPU
		{5C826EE1-EB64-4785-B165-F6D9866205DE}.Release|Any CPU.ActiveCfg = Release|Any CPU
		{5C826EE1-EB64-4785-B165-F6D9866205DE}.Release|Any CPU.Build.0 = Release|Any CPU
		{5C826EE1-EB64-4785-B165-F6D9866205DE}.Release|Mixed Platforms.ActiveCfg = Release|Any CPU
		{5C826EE1-EB64-4785-B165-F6D9866205DE}.Release|Mixed Platforms.Build.0 = Release|Any CPU
		{5C826EE1-EB64-4785-B165-F6D9866205DE}.Release|x86.ActiveCfg = Release|Any CPU
		{C3D9E9A5-815C-43E8-A229-4673C63771E5}.Debug|Any CPU.ActiveCfg = Debug|Any CPU
		{C3D9E9A5-815C-43E8-A229-4673C63771E5}.Debug|Any CPU.Build.0 = Debug|Any CPU
		{C3D9E9A5-815C-43E8-A229-4673C63771E5}.Debug|Mixed Platforms.ActiveCfg = Debug|Any CPU
		{C3D9E9A5-815C-43E8-A229-4673C63771E5}.Debug|Mixed Platforms.Build.0 = Debug|Any CPU
		{C3D9E9A5-815C-43E8-A229-4673C63771E5}.Debug|x86.ActiveCfg = Debug|Any CPU
		{C3D9E9A5-815C-43E8-A229-4673C63771E5}.Release|Any CPU.ActiveCfg = Release|Any CPU
		{C3D9E9A5-815C-43E8-A229-4673C63771E5}.Release|Any CPU.Build.0 = Release|Any CPU
		{C3D9E9A5-815C-43E8-A229-4673C63771E5}.Release|Mixed Platforms.ActiveCfg = Release|Any CPU
		{C3D9E9A5-815C-43E8-A229-4673C63771E5}.Release|Mixed Platforms.Build.0 = Release|Any CPU
		{C3D9E9A5-815C-43E8-A229-4673C63771E5}.Release|x86.ActiveCfg = Release|Any CPU
		{38A01CD5-4096-472F-9E54-D407AD18750A}.Debug|Any CPU.ActiveCfg = Debug|Any CPU
		{38A01CD5-4096-472F-9E54-D407AD18750A}.Debug|Any CPU.Build.0 = Debug|Any CPU
		{38A01CD5-4096-472F-9E54-D407AD18750A}.Debug|Mixed Platforms.ActiveCfg = Debug|Any CPU
		{38A01CD5-4096-472F-9E54-D407AD18750A}.Debug|Mixed Platforms.Build.0 = Debug|Any CPU
		{38A01CD5-4096-472F-9E54-D407AD18750A}.Debug|x86.ActiveCfg = Debug|Any CPU
		{38A01CD5-4096-472F-9E54-D407AD18750A}.Release|Any CPU.ActiveCfg = Release|Any CPU
		{38A01CD5-4096-472F-9E54-D407AD18750A}.Release|Any CPU.Build.0 = Release|Any CPU
		{38A01CD5-4096-472F-9E54-D407AD18750A}.Release|Mixed Platforms.ActiveCfg = Release|Any CPU
		{38A01CD5-4096-472F-9E54-D407AD18750A}.Release|Mixed Platforms.Build.0 = Release|Any CPU
		{38A01CD5-4096-472F-9E54-D407AD18750A}.Release|x86.ActiveCfg = Release|Any CPU
		{3BFF635D-01F8-4F3E-92CD-33A317672301}.Debug|Any CPU.ActiveCfg = Debug|Any CPU
		{3BFF635D-01F8-4F3E-92CD-33A317672301}.Debug|Any CPU.Build.0 = Debug|Any CPU
		{3BFF635D-01F8-4F3E-92CD-33A317672301}.Debug|Mixed Platforms.ActiveCfg = Debug|Any CPU
		{3BFF635D-01F8-4F3E-92CD-33A317672301}.Debug|Mixed Platforms.Build.0 = Debug|Any CPU
		{3BFF635D-01F8-4F3E-92CD-33A317672301}.Debug|x86.ActiveCfg = Debug|Any CPU
		{3BFF635D-01F8-4F3E-92CD-33A317672301}.Release|Any CPU.ActiveCfg = Release|Any CPU
		{3BFF635D-01F8-4F3E-92CD-33A317672301}.Release|Any CPU.Build.0 = Release|Any CPU
		{3BFF635D-01F8-4F3E-92CD-33A317672301}.Release|Mixed Platforms.ActiveCfg = Release|Any CPU
		{3BFF635D-01F8-4F3E-92CD-33A317672301}.Release|Mixed Platforms.Build.0 = Release|Any CPU
		{3BFF635D-01F8-4F3E-92CD-33A317672301}.Release|x86.ActiveCfg = Release|Any CPU
		{D6FD82A9-5C41-4E8B-A1A3-E92EDC459AF9}.Debug|Any CPU.ActiveCfg = Debug|Any CPU
		{D6FD82A9-5C41-4E8B-A1A3-E92EDC459AF9}.Debug|Any CPU.Build.0 = Debug|Any CPU
		{D6FD82A9-5C41-4E8B-A1A3-E92EDC459AF9}.Debug|Mixed Platforms.ActiveCfg = Debug|Any CPU
		{D6FD82A9-5C41-4E8B-A1A3-E92EDC459AF9}.Debug|Mixed Platforms.Build.0 = Debug|Any CPU
		{D6FD82A9-5C41-4E8B-A1A3-E92EDC459AF9}.Debug|x86.ActiveCfg = Debug|Any CPU
		{D6FD82A9-5C41-4E8B-A1A3-E92EDC459AF9}.Release|Any CPU.ActiveCfg = Release|Any CPU
		{D6FD82A9-5C41-4E8B-A1A3-E92EDC459AF9}.Release|Any CPU.Build.0 = Release|Any CPU
		{D6FD82A9-5C41-4E8B-A1A3-E92EDC459AF9}.Release|Mixed Platforms.ActiveCfg = Release|Any CPU
		{D6FD82A9-5C41-4E8B-A1A3-E92EDC459AF9}.Release|Mixed Platforms.Build.0 = Release|Any CPU
		{D6FD82A9-5C41-4E8B-A1A3-E92EDC459AF9}.Release|x86.ActiveCfg = Release|Any CPU
		{0F4FEAAE-FA3B-4080-88C5-8D35035E2093}.Debug|Any CPU.ActiveCfg = Debug|Any CPU
		{0F4FEAAE-FA3B-4080-88C5-8D35035E2093}.Debug|Any CPU.Build.0 = Debug|Any CPU
		{0F4FEAAE-FA3B-4080-88C5-8D35035E2093}.Debug|Mixed Platforms.ActiveCfg = Debug|Any CPU
		{0F4FEAAE-FA3B-4080-88C5-8D35035E2093}.Debug|Mixed Platforms.Build.0 = Debug|Any CPU
		{0F4FEAAE-FA3B-4080-88C5-8D35035E2093}.Debug|x86.ActiveCfg = Debug|Any CPU
		{0F4FEAAE-FA3B-4080-88C5-8D35035E2093}.Release|Any CPU.ActiveCfg = Release|Any CPU
		{0F4FEAAE-FA3B-4080-88C5-8D35035E2093}.Release|Any CPU.Build.0 = Release|Any CPU
		{0F4FEAAE-FA3B-4080-88C5-8D35035E2093}.Release|Mixed Platforms.ActiveCfg = Release|Any CPU
		{0F4FEAAE-FA3B-4080-88C5-8D35035E2093}.Release|Mixed Platforms.Build.0 = Release|Any CPU
		{0F4FEAAE-FA3B-4080-88C5-8D35035E2093}.Release|x86.ActiveCfg = Release|Any CPU
		{43A5EB89-6561-4275-B043-962308F4FF4F}.Debug|Any CPU.ActiveCfg = Debug|Any CPU
		{43A5EB89-6561-4275-B043-962308F4FF4F}.Debug|Any CPU.Build.0 = Debug|Any CPU
		{43A5EB89-6561-4275-B043-962308F4FF4F}.Debug|Mixed Platforms.ActiveCfg = Debug|Any CPU
		{43A5EB89-6561-4275-B043-962308F4FF4F}.Debug|Mixed Platforms.Build.0 = Debug|Any CPU
		{43A5EB89-6561-4275-B043-962308F4FF4F}.Debug|x86.ActiveCfg = Debug|Any CPU
		{43A5EB89-6561-4275-B043-962308F4FF4F}.Release|Any CPU.ActiveCfg = Release|Any CPU
		{43A5EB89-6561-4275-B043-962308F4FF4F}.Release|Any CPU.Build.0 = Release|Any CPU
		{43A5EB89-6561-4275-B043-962308F4FF4F}.Release|Mixed Platforms.ActiveCfg = Release|Any CPU
		{43A5EB89-6561-4275-B043-962308F4FF4F}.Release|Mixed Platforms.Build.0 = Release|Any CPU
		{43A5EB89-6561-4275-B043-962308F4FF4F}.Release|x86.ActiveCfg = Release|Any CPU
		{01B3D7D8-7B39-4D47-B023-8D1EC228A0C1}.Debug|Any CPU.ActiveCfg = Debug|Any CPU
		{01B3D7D8-7B39-4D47-B023-8D1EC228A0C1}.Debug|Any CPU.Build.0 = Debug|Any CPU
		{01B3D7D8-7B39-4D47-B023-8D1EC228A0C1}.Debug|Mixed Platforms.ActiveCfg = Debug|Any CPU
		{01B3D7D8-7B39-4D47-B023-8D1EC228A0C1}.Debug|Mixed Platforms.Build.0 = Debug|Any CPU
		{01B3D7D8-7B39-4D47-B023-8D1EC228A0C1}.Debug|x86.ActiveCfg = Debug|Any CPU
		{01B3D7D8-7B39-4D47-B023-8D1EC228A0C1}.Release|Any CPU.ActiveCfg = Release|Any CPU
		{01B3D7D8-7B39-4D47-B023-8D1EC228A0C1}.Release|Any CPU.Build.0 = Release|Any CPU
		{01B3D7D8-7B39-4D47-B023-8D1EC228A0C1}.Release|Mixed Platforms.ActiveCfg = Release|Any CPU
		{01B3D7D8-7B39-4D47-B023-8D1EC228A0C1}.Release|Mixed Platforms.Build.0 = Release|Any CPU
		{01B3D7D8-7B39-4D47-B023-8D1EC228A0C1}.Release|x86.ActiveCfg = Release|Any CPU
		{5B805754-3C6B-4EC9-ACAE-C0F4CB0A48BD}.Debug|Any CPU.ActiveCfg = Debug|Any CPU
		{5B805754-3C6B-4EC9-ACAE-C0F4CB0A48BD}.Debug|Any CPU.Build.0 = Debug|Any CPU
		{5B805754-3C6B-4EC9-ACAE-C0F4CB0A48BD}.Debug|Mixed Platforms.ActiveCfg = Debug|Any CPU
		{5B805754-3C6B-4EC9-ACAE-C0F4CB0A48BD}.Debug|Mixed Platforms.Build.0 = Debug|Any CPU
		{5B805754-3C6B-4EC9-ACAE-C0F4CB0A48BD}.Debug|x86.ActiveCfg = Debug|Any CPU
		{5B805754-3C6B-4EC9-ACAE-C0F4CB0A48BD}.Release|Any CPU.ActiveCfg = Release|Any CPU
		{5B805754-3C6B-4EC9-ACAE-C0F4CB0A48BD}.Release|Any CPU.Build.0 = Release|Any CPU
		{5B805754-3C6B-4EC9-ACAE-C0F4CB0A48BD}.Release|Mixed Platforms.ActiveCfg = Release|Any CPU
		{5B805754-3C6B-4EC9-ACAE-C0F4CB0A48BD}.Release|Mixed Platforms.Build.0 = Release|Any CPU
		{5B805754-3C6B-4EC9-ACAE-C0F4CB0A48BD}.Release|x86.ActiveCfg = Release|Any CPU
		{D7370AD0-01BA-4C1D-9F0C-2515E96AEA85}.Debug|Any CPU.ActiveCfg = Debug|Any CPU
		{D7370AD0-01BA-4C1D-9F0C-2515E96AEA85}.Debug|Any CPU.Build.0 = Debug|Any CPU
		{D7370AD0-01BA-4C1D-9F0C-2515E96AEA85}.Debug|Mixed Platforms.ActiveCfg = Debug|Any CPU
		{D7370AD0-01BA-4C1D-9F0C-2515E96AEA85}.Debug|Mixed Platforms.Build.0 = Debug|Any CPU
		{D7370AD0-01BA-4C1D-9F0C-2515E96AEA85}.Debug|x86.ActiveCfg = Debug|Any CPU
		{D7370AD0-01BA-4C1D-9F0C-2515E96AEA85}.Release|Any CPU.ActiveCfg = Release|Any CPU
		{D7370AD0-01BA-4C1D-9F0C-2515E96AEA85}.Release|Any CPU.Build.0 = Release|Any CPU
		{D7370AD0-01BA-4C1D-9F0C-2515E96AEA85}.Release|Mixed Platforms.ActiveCfg = Release|Any CPU
		{D7370AD0-01BA-4C1D-9F0C-2515E96AEA85}.Release|Mixed Platforms.Build.0 = Release|Any CPU
		{D7370AD0-01BA-4C1D-9F0C-2515E96AEA85}.Release|x86.ActiveCfg = Release|Any CPU
		{0E21BE1D-EEB7-46CF-9976-A052A51522BB}.Debug|Any CPU.ActiveCfg = Debug|x86
		{0E21BE1D-EEB7-46CF-9976-A052A51522BB}.Debug|Mixed Platforms.ActiveCfg = Debug|x86
		{0E21BE1D-EEB7-46CF-9976-A052A51522BB}.Debug|Mixed Platforms.Build.0 = Debug|x86
		{0E21BE1D-EEB7-46CF-9976-A052A51522BB}.Debug|x86.ActiveCfg = Debug|x86
		{0E21BE1D-EEB7-46CF-9976-A052A51522BB}.Debug|x86.Build.0 = Debug|x86
		{0E21BE1D-EEB7-46CF-9976-A052A51522BB}.Release|Any CPU.ActiveCfg = Release|x86
		{0E21BE1D-EEB7-46CF-9976-A052A51522BB}.Release|Mixed Platforms.ActiveCfg = Release|x86
		{0E21BE1D-EEB7-46CF-9976-A052A51522BB}.Release|Mixed Platforms.Build.0 = Release|x86
		{0E21BE1D-EEB7-46CF-9976-A052A51522BB}.Release|x86.ActiveCfg = Release|x86
		{0E21BE1D-EEB7-46CF-9976-A052A51522BB}.Release|x86.Build.0 = Release|x86
		{E6841405-0982-4C3D-93D1-D573C79DE986}.Debug|Any CPU.ActiveCfg = Debug|Any CPU
		{E6841405-0982-4C3D-93D1-D573C79DE986}.Debug|Any CPU.Build.0 = Debug|Any CPU
		{E6841405-0982-4C3D-93D1-D573C79DE986}.Debug|Mixed Platforms.ActiveCfg = Debug|Any CPU
		{E6841405-0982-4C3D-93D1-D573C79DE986}.Debug|Mixed Platforms.Build.0 = Debug|Any CPU
		{E6841405-0982-4C3D-93D1-D573C79DE986}.Debug|x86.ActiveCfg = Debug|Any CPU
		{E6841405-0982-4C3D-93D1-D573C79DE986}.Release|Any CPU.ActiveCfg = Release|Any CPU
		{E6841405-0982-4C3D-93D1-D573C79DE986}.Release|Any CPU.Build.0 = Release|Any CPU
		{E6841405-0982-4C3D-93D1-D573C79DE986}.Release|Mixed Platforms.ActiveCfg = Release|Any CPU
		{E6841405-0982-4C3D-93D1-D573C79DE986}.Release|Mixed Platforms.Build.0 = Release|Any CPU
		{E6841405-0982-4C3D-93D1-D573C79DE986}.Release|x86.ActiveCfg = Release|Any CPU
		{66C2F9F1-93C9-496A-B592-46B656EDA01A}.Debug|Any CPU.ActiveCfg = Debug|Any CPU
		{66C2F9F1-93C9-496A-B592-46B656EDA01A}.Debug|Any CPU.Build.0 = Debug|Any CPU
		{66C2F9F1-93C9-496A-B592-46B656EDA01A}.Debug|Mixed Platforms.ActiveCfg = Debug|Any CPU
		{66C2F9F1-93C9-496A-B592-46B656EDA01A}.Debug|Mixed Platforms.Build.0 = Debug|Any CPU
		{66C2F9F1-93C9-496A-B592-46B656EDA01A}.Debug|x86.ActiveCfg = Debug|Any CPU
		{66C2F9F1-93C9-496A-B592-46B656EDA01A}.Release|Any CPU.ActiveCfg = Release|Any CPU
		{66C2F9F1-93C9-496A-B592-46B656EDA01A}.Release|Any CPU.Build.0 = Release|Any CPU
		{66C2F9F1-93C9-496A-B592-46B656EDA01A}.Release|Mixed Platforms.ActiveCfg = Release|Any CPU
		{66C2F9F1-93C9-496A-B592-46B656EDA01A}.Release|Mixed Platforms.Build.0 = Release|Any CPU
		{66C2F9F1-93C9-496A-B592-46B656EDA01A}.Release|x86.ActiveCfg = Release|Any CPU
		{A9172758-4646-48CA-997C-70345C104CF6}.Debug|Any CPU.ActiveCfg = Debug|Any CPU
		{A9172758-4646-48CA-997C-70345C104CF6}.Debug|Any CPU.Build.0 = Debug|Any CPU
		{A9172758-4646-48CA-997C-70345C104CF6}.Debug|Mixed Platforms.ActiveCfg = Debug|Any CPU
		{A9172758-4646-48CA-997C-70345C104CF6}.Debug|Mixed Platforms.Build.0 = Debug|Any CPU
		{A9172758-4646-48CA-997C-70345C104CF6}.Debug|x86.ActiveCfg = Debug|Any CPU
		{A9172758-4646-48CA-997C-70345C104CF6}.Release|Any CPU.ActiveCfg = Release|Any CPU
		{A9172758-4646-48CA-997C-70345C104CF6}.Release|Any CPU.Build.0 = Release|Any CPU
		{A9172758-4646-48CA-997C-70345C104CF6}.Release|Mixed Platforms.ActiveCfg = Release|Any CPU
		{A9172758-4646-48CA-997C-70345C104CF6}.Release|Mixed Platforms.Build.0 = Release|Any CPU
		{A9172758-4646-48CA-997C-70345C104CF6}.Release|x86.ActiveCfg = Release|Any CPU
		{DB219D4E-EB80-40C6-9F07-D94BE7B4537F}.Debug|Any CPU.ActiveCfg = Debug|Any CPU
		{DB219D4E-EB80-40C6-9F07-D94BE7B4537F}.Debug|Any CPU.Build.0 = Debug|Any CPU
		{DB219D4E-EB80-40C6-9F07-D94BE7B4537F}.Debug|Mixed Platforms.ActiveCfg = Debug|Any CPU
		{DB219D4E-EB80-40C6-9F07-D94BE7B4537F}.Debug|Mixed Platforms.Build.0 = Debug|Any CPU
		{DB219D4E-EB80-40C6-9F07-D94BE7B4537F}.Debug|x86.ActiveCfg = Debug|Any CPU
		{DB219D4E-EB80-40C6-9F07-D94BE7B4537F}.Release|Any CPU.ActiveCfg = Release|Any CPU
		{DB219D4E-EB80-40C6-9F07-D94BE7B4537F}.Release|Any CPU.Build.0 = Release|Any CPU
		{DB219D4E-EB80-40C6-9F07-D94BE7B4537F}.Release|Mixed Platforms.ActiveCfg = Release|Any CPU
		{DB219D4E-EB80-40C6-9F07-D94BE7B4537F}.Release|Mixed Platforms.Build.0 = Release|Any CPU
		{DB219D4E-EB80-40C6-9F07-D94BE7B4537F}.Release|x86.ActiveCfg = Release|Any CPU
		{378D18DA-E596-42FA-8400-475CF237A0B7}.Debug|Any CPU.ActiveCfg = Debug|Any CPU
		{378D18DA-E596-42FA-8400-475CF237A0B7}.Debug|Any CPU.Build.0 = Debug|Any CPU
		{378D18DA-E596-42FA-8400-475CF237A0B7}.Debug|Mixed Platforms.ActiveCfg = Debug|Any CPU
		{378D18DA-E596-42FA-8400-475CF237A0B7}.Debug|Mixed Platforms.Build.0 = Debug|Any CPU
		{378D18DA-E596-42FA-8400-475CF237A0B7}.Debug|x86.ActiveCfg = Debug|Any CPU
		{378D18DA-E596-42FA-8400-475CF237A0B7}.Release|Any CPU.ActiveCfg = Release|Any CPU
		{378D18DA-E596-42FA-8400-475CF237A0B7}.Release|Any CPU.Build.0 = Release|Any CPU
		{378D18DA-E596-42FA-8400-475CF237A0B7}.Release|Mixed Platforms.ActiveCfg = Release|Any CPU
		{378D18DA-E596-42FA-8400-475CF237A0B7}.Release|Mixed Platforms.Build.0 = Release|Any CPU
		{378D18DA-E596-42FA-8400-475CF237A0B7}.Release|x86.ActiveCfg = Release|Any CPU
		{01AA41A9-98E2-4C87-BE1C-87CBE4E87D56}.Debug|Any CPU.ActiveCfg = Debug|Any CPU
		{01AA41A9-98E2-4C87-BE1C-87CBE4E87D56}.Debug|Any CPU.Build.0 = Debug|Any CPU
		{01AA41A9-98E2-4C87-BE1C-87CBE4E87D56}.Debug|Mixed Platforms.ActiveCfg = Debug|Any CPU
		{01AA41A9-98E2-4C87-BE1C-87CBE4E87D56}.Debug|Mixed Platforms.Build.0 = Debug|Any CPU
		{01AA41A9-98E2-4C87-BE1C-87CBE4E87D56}.Debug|x86.ActiveCfg = Debug|Any CPU
		{01AA41A9-98E2-4C87-BE1C-87CBE4E87D56}.Release|Any CPU.ActiveCfg = Release|Any CPU
		{01AA41A9-98E2-4C87-BE1C-87CBE4E87D56}.Release|Any CPU.Build.0 = Release|Any CPU
		{01AA41A9-98E2-4C87-BE1C-87CBE4E87D56}.Release|Mixed Platforms.ActiveCfg = Release|Any CPU
		{01AA41A9-98E2-4C87-BE1C-87CBE4E87D56}.Release|Mixed Platforms.Build.0 = Release|Any CPU
		{01AA41A9-98E2-4C87-BE1C-87CBE4E87D56}.Release|x86.ActiveCfg = Release|Any CPU
		{26B69983-6A49-42A6-BE8A-86224377E5D1}.Debug|Any CPU.ActiveCfg = Debug|Any CPU
		{26B69983-6A49-42A6-BE8A-86224377E5D1}.Debug|Any CPU.Build.0 = Debug|Any CPU
		{26B69983-6A49-42A6-BE8A-86224377E5D1}.Debug|Mixed Platforms.ActiveCfg = Debug|Any CPU
		{26B69983-6A49-42A6-BE8A-86224377E5D1}.Debug|Mixed Platforms.Build.0 = Debug|Any CPU
		{26B69983-6A49-42A6-BE8A-86224377E5D1}.Debug|x86.ActiveCfg = Debug|Any CPU
		{26B69983-6A49-42A6-BE8A-86224377E5D1}.Release|Any CPU.ActiveCfg = Release|Any CPU
		{26B69983-6A49-42A6-BE8A-86224377E5D1}.Release|Any CPU.Build.0 = Release|Any CPU
		{26B69983-6A49-42A6-BE8A-86224377E5D1}.Release|Mixed Platforms.ActiveCfg = Release|Any CPU
		{26B69983-6A49-42A6-BE8A-86224377E5D1}.Release|Mixed Platforms.Build.0 = Release|Any CPU
		{26B69983-6A49-42A6-BE8A-86224377E5D1}.Release|x86.ActiveCfg = Release|Any CPU
		{1E329E6A-3614-473D-BFC1-3D33A093F215}.Debug|Any CPU.ActiveCfg = Debug|Any CPU
		{1E329E6A-3614-473D-BFC1-3D33A093F215}.Debug|Any CPU.Build.0 = Debug|Any CPU
		{1E329E6A-3614-473D-BFC1-3D33A093F215}.Debug|Mixed Platforms.ActiveCfg = Debug|Any CPU
		{1E329E6A-3614-473D-BFC1-3D33A093F215}.Debug|Mixed Platforms.Build.0 = Debug|Any CPU
		{1E329E6A-3614-473D-BFC1-3D33A093F215}.Debug|x86.ActiveCfg = Debug|Any CPU
		{1E329E6A-3614-473D-BFC1-3D33A093F215}.Release|Any CPU.ActiveCfg = Release|Any CPU
		{1E329E6A-3614-473D-BFC1-3D33A093F215}.Release|Any CPU.Build.0 = Release|Any CPU
		{1E329E6A-3614-473D-BFC1-3D33A093F215}.Release|Mixed Platforms.ActiveCfg = Release|Any CPU
		{1E329E6A-3614-473D-BFC1-3D33A093F215}.Release|Mixed Platforms.Build.0 = Release|Any CPU
		{1E329E6A-3614-473D-BFC1-3D33A093F215}.Release|x86.ActiveCfg = Release|Any CPU
		{AB780B99-D290-4DB5-BB9C-1FF45BC1467E}.Debug|Any CPU.ActiveCfg = Debug|Any CPU
		{AB780B99-D290-4DB5-BB9C-1FF45BC1467E}.Debug|Any CPU.Build.0 = Debug|Any CPU
		{AB780B99-D290-4DB5-BB9C-1FF45BC1467E}.Debug|Mixed Platforms.ActiveCfg = Debug|Any CPU
		{AB780B99-D290-4DB5-BB9C-1FF45BC1467E}.Debug|Mixed Platforms.Build.0 = Debug|Any CPU
		{AB780B99-D290-4DB5-BB9C-1FF45BC1467E}.Debug|x86.ActiveCfg = Debug|Any CPU
		{AB780B99-D290-4DB5-BB9C-1FF45BC1467E}.Release|Any CPU.ActiveCfg = Release|Any CPU
		{AB780B99-D290-4DB5-BB9C-1FF45BC1467E}.Release|Any CPU.Build.0 = Release|Any CPU
		{AB780B99-D290-4DB5-BB9C-1FF45BC1467E}.Release|Mixed Platforms.ActiveCfg = Release|Any CPU
		{AB780B99-D290-4DB5-BB9C-1FF45BC1467E}.Release|Mixed Platforms.Build.0 = Release|Any CPU
		{AB780B99-D290-4DB5-BB9C-1FF45BC1467E}.Release|x86.ActiveCfg = Release|Any CPU
		{89376E8A-50B0-4D08-946A-E712EE823880}.Debug|Any CPU.ActiveCfg = Debug|Any CPU
		{89376E8A-50B0-4D08-946A-E712EE823880}.Debug|Any CPU.Build.0 = Debug|Any CPU
		{89376E8A-50B0-4D08-946A-E712EE823880}.Debug|Mixed Platforms.ActiveCfg = Debug|Any CPU
		{89376E8A-50B0-4D08-946A-E712EE823880}.Debug|Mixed Platforms.Build.0 = Debug|Any CPU
		{89376E8A-50B0-4D08-946A-E712EE823880}.Debug|x86.ActiveCfg = Debug|Any CPU
		{89376E8A-50B0-4D08-946A-E712EE823880}.Release|Any CPU.ActiveCfg = Release|Any CPU
		{89376E8A-50B0-4D08-946A-E712EE823880}.Release|Any CPU.Build.0 = Release|Any CPU
		{89376E8A-50B0-4D08-946A-E712EE823880}.Release|Mixed Platforms.ActiveCfg = Release|Any CPU
		{89376E8A-50B0-4D08-946A-E712EE823880}.Release|Mixed Platforms.Build.0 = Release|Any CPU
		{89376E8A-50B0-4D08-946A-E712EE823880}.Release|x86.ActiveCfg = Release|Any CPU
		{B784A458-1D5C-444B-86D4-90F10ECADDEF}.Debug|Any CPU.ActiveCfg = Debug|Any CPU
		{B784A458-1D5C-444B-86D4-90F10ECADDEF}.Debug|Any CPU.Build.0 = Debug|Any CPU
		{B784A458-1D5C-444B-86D4-90F10ECADDEF}.Debug|Mixed Platforms.ActiveCfg = Debug|Any CPU
		{B784A458-1D5C-444B-86D4-90F10ECADDEF}.Debug|Mixed Platforms.Build.0 = Debug|Any CPU
		{B784A458-1D5C-444B-86D4-90F10ECADDEF}.Debug|x86.ActiveCfg = Debug|Any CPU
		{B784A458-1D5C-444B-86D4-90F10ECADDEF}.Release|Any CPU.ActiveCfg = Release|Any CPU
		{B784A458-1D5C-444B-86D4-90F10ECADDEF}.Release|Any CPU.Build.0 = Release|Any CPU
		{B784A458-1D5C-444B-86D4-90F10ECADDEF}.Release|Mixed Platforms.ActiveCfg = Release|Any CPU
		{B784A458-1D5C-444B-86D4-90F10ECADDEF}.Release|Mixed Platforms.Build.0 = Release|Any CPU
		{B784A458-1D5C-444B-86D4-90F10ECADDEF}.Release|x86.ActiveCfg = Release|Any CPU
		{1DD30FAF-9314-46A9-9E42-E84C4571169F}.Debug|Any CPU.ActiveCfg = Debug|Any CPU
		{1DD30FAF-9314-46A9-9E42-E84C4571169F}.Debug|Any CPU.Build.0 = Debug|Any CPU
		{1DD30FAF-9314-46A9-9E42-E84C4571169F}.Debug|Mixed Platforms.ActiveCfg = Debug|Any CPU
		{1DD30FAF-9314-46A9-9E42-E84C4571169F}.Debug|Mixed Platforms.Build.0 = Debug|Any CPU
		{1DD30FAF-9314-46A9-9E42-E84C4571169F}.Debug|x86.ActiveCfg = Debug|Any CPU
		{1DD30FAF-9314-46A9-9E42-E84C4571169F}.Release|Any CPU.ActiveCfg = Release|Any CPU
		{1DD30FAF-9314-46A9-9E42-E84C4571169F}.Release|Any CPU.Build.0 = Release|Any CPU
		{1DD30FAF-9314-46A9-9E42-E84C4571169F}.Release|Mixed Platforms.ActiveCfg = Release|Any CPU
		{1DD30FAF-9314-46A9-9E42-E84C4571169F}.Release|Mixed Platforms.Build.0 = Release|Any CPU
		{1DD30FAF-9314-46A9-9E42-E84C4571169F}.Release|x86.ActiveCfg = Release|Any CPU
		{1DF4C000-6855-42E5-867B-5214D34891A1}.Debug|Any CPU.ActiveCfg = Debug|Any CPU
		{1DF4C000-6855-42E5-867B-5214D34891A1}.Debug|Any CPU.Build.0 = Debug|Any CPU
		{1DF4C000-6855-42E5-867B-5214D34891A1}.Debug|Mixed Platforms.ActiveCfg = Debug|Any CPU
		{1DF4C000-6855-42E5-867B-5214D34891A1}.Debug|Mixed Platforms.Build.0 = Debug|Any CPU
		{1DF4C000-6855-42E5-867B-5214D34891A1}.Debug|x86.ActiveCfg = Debug|Any CPU
		{1DF4C000-6855-42E5-867B-5214D34891A1}.Release|Any CPU.ActiveCfg = Release|Any CPU
		{1DF4C000-6855-42E5-867B-5214D34891A1}.Release|Any CPU.Build.0 = Release|Any CPU
		{1DF4C000-6855-42E5-867B-5214D34891A1}.Release|Mixed Platforms.ActiveCfg = Release|Any CPU
		{1DF4C000-6855-42E5-867B-5214D34891A1}.Release|Mixed Platforms.Build.0 = Release|Any CPU
		{1DF4C000-6855-42E5-867B-5214D34891A1}.Release|x86.ActiveCfg = Release|Any CPU
		{83E097CE-FC2C-4E9B-B614-9D0329F44D86}.Debug|Any CPU.ActiveCfg = Debug|Any CPU
		{83E097CE-FC2C-4E9B-B614-9D0329F44D86}.Debug|Any CPU.Build.0 = Debug|Any CPU
		{83E097CE-FC2C-4E9B-B614-9D0329F44D86}.Debug|Mixed Platforms.ActiveCfg = Debug|Any CPU
		{83E097CE-FC2C-4E9B-B614-9D0329F44D86}.Debug|Mixed Platforms.Build.0 = Debug|Any CPU
		{83E097CE-FC2C-4E9B-B614-9D0329F44D86}.Debug|x86.ActiveCfg = Debug|Any CPU
		{83E097CE-FC2C-4E9B-B614-9D0329F44D86}.Release|Any CPU.ActiveCfg = Release|Any CPU
		{83E097CE-FC2C-4E9B-B614-9D0329F44D86}.Release|Any CPU.Build.0 = Release|Any CPU
		{83E097CE-FC2C-4E9B-B614-9D0329F44D86}.Release|Mixed Platforms.ActiveCfg = Release|Any CPU
		{83E097CE-FC2C-4E9B-B614-9D0329F44D86}.Release|Mixed Platforms.Build.0 = Release|Any CPU
		{83E097CE-FC2C-4E9B-B614-9D0329F44D86}.Release|x86.ActiveCfg = Release|Any CPU
		{F3A1923A-49DD-4C07-A42F-9ACDDC523C8D}.Debug|Any CPU.ActiveCfg = Debug|Any CPU
		{F3A1923A-49DD-4C07-A42F-9ACDDC523C8D}.Debug|Any CPU.Build.0 = Debug|Any CPU
		{F3A1923A-49DD-4C07-A42F-9ACDDC523C8D}.Debug|Mixed Platforms.ActiveCfg = Debug|Any CPU
		{F3A1923A-49DD-4C07-A42F-9ACDDC523C8D}.Debug|Mixed Platforms.Build.0 = Debug|Any CPU
		{F3A1923A-49DD-4C07-A42F-9ACDDC523C8D}.Debug|x86.ActiveCfg = Debug|Any CPU
		{F3A1923A-49DD-4C07-A42F-9ACDDC523C8D}.Release|Any CPU.ActiveCfg = Release|Any CPU
		{F3A1923A-49DD-4C07-A42F-9ACDDC523C8D}.Release|Any CPU.Build.0 = Release|Any CPU
		{F3A1923A-49DD-4C07-A42F-9ACDDC523C8D}.Release|Mixed Platforms.ActiveCfg = Release|Any CPU
		{F3A1923A-49DD-4C07-A42F-9ACDDC523C8D}.Release|Mixed Platforms.Build.0 = Release|Any CPU
		{F3A1923A-49DD-4C07-A42F-9ACDDC523C8D}.Release|x86.ActiveCfg = Release|Any CPU
		{2E7906B3-D4FC-410C-9552-BC7A186F2E6D}.Debug|Any CPU.ActiveCfg = Debug|Any CPU
		{2E7906B3-D4FC-410C-9552-BC7A186F2E6D}.Debug|Any CPU.Build.0 = Debug|Any CPU
		{2E7906B3-D4FC-410C-9552-BC7A186F2E6D}.Debug|Mixed Platforms.ActiveCfg = Debug|Any CPU
		{2E7906B3-D4FC-410C-9552-BC7A186F2E6D}.Debug|Mixed Platforms.Build.0 = Debug|Any CPU
		{2E7906B3-D4FC-410C-9552-BC7A186F2E6D}.Debug|x86.ActiveCfg = Debug|Any CPU
		{2E7906B3-D4FC-410C-9552-BC7A186F2E6D}.Release|Any CPU.ActiveCfg = Release|Any CPU
		{2E7906B3-D4FC-410C-9552-BC7A186F2E6D}.Release|Any CPU.Build.0 = Release|Any CPU
		{2E7906B3-D4FC-410C-9552-BC7A186F2E6D}.Release|Mixed Platforms.ActiveCfg = Release|Any CPU
		{2E7906B3-D4FC-410C-9552-BC7A186F2E6D}.Release|Mixed Platforms.Build.0 = Release|Any CPU
		{2E7906B3-D4FC-410C-9552-BC7A186F2E6D}.Release|x86.ActiveCfg = Release|Any CPU
		{E878A673-D398-44FF-847D-85C50C23293B}.Debug|Any CPU.ActiveCfg = Debug|Any CPU
		{E878A673-D398-44FF-847D-85C50C23293B}.Debug|Any CPU.Build.0 = Debug|Any CPU
		{E878A673-D398-44FF-847D-85C50C23293B}.Debug|Mixed Platforms.ActiveCfg = Debug|Any CPU
		{E878A673-D398-44FF-847D-85C50C23293B}.Debug|Mixed Platforms.Build.0 = Debug|Any CPU
		{E878A673-D398-44FF-847D-85C50C23293B}.Debug|x86.ActiveCfg = Debug|Any CPU
		{E878A673-D398-44FF-847D-85C50C23293B}.Release|Any CPU.ActiveCfg = Release|Any CPU
		{E878A673-D398-44FF-847D-85C50C23293B}.Release|Any CPU.Build.0 = Release|Any CPU
		{E878A673-D398-44FF-847D-85C50C23293B}.Release|Mixed Platforms.ActiveCfg = Release|Any CPU
		{E878A673-D398-44FF-847D-85C50C23293B}.Release|Mixed Platforms.Build.0 = Release|Any CPU
		{E878A673-D398-44FF-847D-85C50C23293B}.Release|x86.ActiveCfg = Release|Any CPU
		{318159D3-E12D-4BB0-B7DD-3CE2F7C626A1}.Debug|Any CPU.ActiveCfg = Debug|Any CPU
		{318159D3-E12D-4BB0-B7DD-3CE2F7C626A1}.Debug|Any CPU.Build.0 = Debug|Any CPU
		{318159D3-E12D-4BB0-B7DD-3CE2F7C626A1}.Debug|Mixed Platforms.ActiveCfg = Debug|Any CPU
		{318159D3-E12D-4BB0-B7DD-3CE2F7C626A1}.Debug|Mixed Platforms.Build.0 = Debug|Any CPU
		{318159D3-E12D-4BB0-B7DD-3CE2F7C626A1}.Debug|x86.ActiveCfg = Debug|Any CPU
		{318159D3-E12D-4BB0-B7DD-3CE2F7C626A1}.Release|Any CPU.ActiveCfg = Release|Any CPU
		{318159D3-E12D-4BB0-B7DD-3CE2F7C626A1}.Release|Any CPU.Build.0 = Release|Any CPU
		{318159D3-E12D-4BB0-B7DD-3CE2F7C626A1}.Release|Mixed Platforms.ActiveCfg = Release|Any CPU
		{318159D3-E12D-4BB0-B7DD-3CE2F7C626A1}.Release|Mixed Platforms.Build.0 = Release|Any CPU
		{318159D3-E12D-4BB0-B7DD-3CE2F7C626A1}.Release|x86.ActiveCfg = Release|Any CPU
		{05AC3787-7354-47ED-9FE1-BF1D24C06BFA}.Debug|Any CPU.ActiveCfg = Debug|Any CPU
		{05AC3787-7354-47ED-9FE1-BF1D24C06BFA}.Debug|Any CPU.Build.0 = Debug|Any CPU
		{05AC3787-7354-47ED-9FE1-BF1D24C06BFA}.Debug|Mixed Platforms.ActiveCfg = Debug|Any CPU
		{05AC3787-7354-47ED-9FE1-BF1D24C06BFA}.Debug|Mixed Platforms.Build.0 = Debug|Any CPU
		{05AC3787-7354-47ED-9FE1-BF1D24C06BFA}.Debug|x86.ActiveCfg = Debug|Any CPU
		{05AC3787-7354-47ED-9FE1-BF1D24C06BFA}.Release|Any CPU.ActiveCfg = Release|Any CPU
		{05AC3787-7354-47ED-9FE1-BF1D24C06BFA}.Release|Any CPU.Build.0 = Release|Any CPU
		{05AC3787-7354-47ED-9FE1-BF1D24C06BFA}.Release|Mixed Platforms.ActiveCfg = Release|Any CPU
		{05AC3787-7354-47ED-9FE1-BF1D24C06BFA}.Release|Mixed Platforms.Build.0 = Release|Any CPU
		{05AC3787-7354-47ED-9FE1-BF1D24C06BFA}.Release|x86.ActiveCfg = Release|Any CPU
		{B5958101-0B7D-4F20-9039-83D22284C563}.Debug|Any CPU.ActiveCfg = Debug|Any CPU
		{B5958101-0B7D-4F20-9039-83D22284C563}.Debug|Any CPU.Build.0 = Debug|Any CPU
		{B5958101-0B7D-4F20-9039-83D22284C563}.Debug|Mixed Platforms.ActiveCfg = Debug|Any CPU
		{B5958101-0B7D-4F20-9039-83D22284C563}.Debug|Mixed Platforms.Build.0 = Debug|Any CPU
		{B5958101-0B7D-4F20-9039-83D22284C563}.Debug|x86.ActiveCfg = Debug|Any CPU
		{B5958101-0B7D-4F20-9039-83D22284C563}.Release|Any CPU.ActiveCfg = Release|Any CPU
		{B5958101-0B7D-4F20-9039-83D22284C563}.Release|Any CPU.Build.0 = Release|Any CPU
		{B5958101-0B7D-4F20-9039-83D22284C563}.Release|Mixed Platforms.ActiveCfg = Release|Any CPU
		{B5958101-0B7D-4F20-9039-83D22284C563}.Release|Mixed Platforms.Build.0 = Release|Any CPU
		{B5958101-0B7D-4F20-9039-83D22284C563}.Release|x86.ActiveCfg = Release|Any CPU
		{4A7339B3-2D18-4A14-A542-9AA45EAF67BC}.Debug|Any CPU.ActiveCfg = Debug|Any CPU
		{4A7339B3-2D18-4A14-A542-9AA45EAF67BC}.Debug|Any CPU.Build.0 = Debug|Any CPU
		{4A7339B3-2D18-4A14-A542-9AA45EAF67BC}.Debug|Mixed Platforms.ActiveCfg = Debug|Any CPU
		{4A7339B3-2D18-4A14-A542-9AA45EAF67BC}.Debug|Mixed Platforms.Build.0 = Debug|Any CPU
		{4A7339B3-2D18-4A14-A542-9AA45EAF67BC}.Debug|x86.ActiveCfg = Debug|Any CPU
		{4A7339B3-2D18-4A14-A542-9AA45EAF67BC}.Release|Any CPU.ActiveCfg = Release|Any CPU
		{4A7339B3-2D18-4A14-A542-9AA45EAF67BC}.Release|Any CPU.Build.0 = Release|Any CPU
		{4A7339B3-2D18-4A14-A542-9AA45EAF67BC}.Release|Mixed Platforms.ActiveCfg = Release|Any CPU
		{4A7339B3-2D18-4A14-A542-9AA45EAF67BC}.Release|Mixed Platforms.Build.0 = Release|Any CPU
		{4A7339B3-2D18-4A14-A542-9AA45EAF67BC}.Release|x86.ActiveCfg = Release|Any CPU
		{3D4711F7-D614-4132-A6DC-27A8949E1EE2}.Debug|Any CPU.ActiveCfg = Debug|Any CPU
		{3D4711F7-D614-4132-A6DC-27A8949E1EE2}.Debug|Any CPU.Build.0 = Debug|Any CPU
		{3D4711F7-D614-4132-A6DC-27A8949E1EE2}.Debug|Mixed Platforms.ActiveCfg = Debug|Any CPU
		{3D4711F7-D614-4132-A6DC-27A8949E1EE2}.Debug|Mixed Platforms.Build.0 = Debug|Any CPU
		{3D4711F7-D614-4132-A6DC-27A8949E1EE2}.Debug|x86.ActiveCfg = Debug|Any CPU
		{3D4711F7-D614-4132-A6DC-27A8949E1EE2}.Release|Any CPU.ActiveCfg = Release|Any CPU
		{3D4711F7-D614-4132-A6DC-27A8949E1EE2}.Release|Any CPU.Build.0 = Release|Any CPU
		{3D4711F7-D614-4132-A6DC-27A8949E1EE2}.Release|Mixed Platforms.ActiveCfg = Release|Any CPU
		{3D4711F7-D614-4132-A6DC-27A8949E1EE2}.Release|Mixed Platforms.Build.0 = Release|Any CPU
		{3D4711F7-D614-4132-A6DC-27A8949E1EE2}.Release|x86.ActiveCfg = Release|Any CPU
		{0D757565-A89D-4DF1-AD88-82A72C8AE771}.Debug|Any CPU.ActiveCfg = Debug|Any CPU
		{0D757565-A89D-4DF1-AD88-82A72C8AE771}.Debug|Any CPU.Build.0 = Debug|Any CPU
		{0D757565-A89D-4DF1-AD88-82A72C8AE771}.Debug|Mixed Platforms.ActiveCfg = Debug|Any CPU
		{0D757565-A89D-4DF1-AD88-82A72C8AE771}.Debug|Mixed Platforms.Build.0 = Debug|Any CPU
		{0D757565-A89D-4DF1-AD88-82A72C8AE771}.Debug|x86.ActiveCfg = Debug|Any CPU
		{0D757565-A89D-4DF1-AD88-82A72C8AE771}.Release|Any CPU.ActiveCfg = Release|Any CPU
		{0D757565-A89D-4DF1-AD88-82A72C8AE771}.Release|Any CPU.Build.0 = Release|Any CPU
		{0D757565-A89D-4DF1-AD88-82A72C8AE771}.Release|Mixed Platforms.ActiveCfg = Release|Any CPU
		{0D757565-A89D-4DF1-AD88-82A72C8AE771}.Release|Mixed Platforms.Build.0 = Release|Any CPU
		{0D757565-A89D-4DF1-AD88-82A72C8AE771}.Release|x86.ActiveCfg = Release|Any CPU
		{A8F8AD23-11EC-41BE-B781-EC646C6B8C4A}.Debug|Any CPU.ActiveCfg = Debug|Any CPU
		{A8F8AD23-11EC-41BE-B781-EC646C6B8C4A}.Debug|Any CPU.Build.0 = Debug|Any CPU
		{A8F8AD23-11EC-41BE-B781-EC646C6B8C4A}.Debug|Mixed Platforms.ActiveCfg = Debug|Any CPU
		{A8F8AD23-11EC-41BE-B781-EC646C6B8C4A}.Debug|Mixed Platforms.Build.0 = Debug|Any CPU
		{A8F8AD23-11EC-41BE-B781-EC646C6B8C4A}.Debug|x86.ActiveCfg = Debug|Any CPU
		{A8F8AD23-11EC-41BE-B781-EC646C6B8C4A}.Release|Any CPU.ActiveCfg = Release|Any CPU
		{A8F8AD23-11EC-41BE-B781-EC646C6B8C4A}.Release|Any CPU.Build.0 = Release|Any CPU
		{A8F8AD23-11EC-41BE-B781-EC646C6B8C4A}.Release|Mixed Platforms.ActiveCfg = Release|Any CPU
		{A8F8AD23-11EC-41BE-B781-EC646C6B8C4A}.Release|Mixed Platforms.Build.0 = Release|Any CPU
		{A8F8AD23-11EC-41BE-B781-EC646C6B8C4A}.Release|x86.ActiveCfg = Release|Any CPU
		{A2B6E5CB-0796-417B-B2C2-19AD530FEB7E}.Debug|Any CPU.ActiveCfg = Debug|Any CPU
		{A2B6E5CB-0796-417B-B2C2-19AD530FEB7E}.Debug|Any CPU.Build.0 = Debug|Any CPU
		{A2B6E5CB-0796-417B-B2C2-19AD530FEB7E}.Debug|Mixed Platforms.ActiveCfg = Debug|Any CPU
		{A2B6E5CB-0796-417B-B2C2-19AD530FEB7E}.Debug|Mixed Platforms.Build.0 = Debug|Any CPU
		{A2B6E5CB-0796-417B-B2C2-19AD530FEB7E}.Debug|x86.ActiveCfg = Debug|Any CPU
		{A2B6E5CB-0796-417B-B2C2-19AD530FEB7E}.Release|Any CPU.ActiveCfg = Release|Any CPU
		{A2B6E5CB-0796-417B-B2C2-19AD530FEB7E}.Release|Any CPU.Build.0 = Release|Any CPU
		{A2B6E5CB-0796-417B-B2C2-19AD530FEB7E}.Release|Mixed Platforms.ActiveCfg = Release|Any CPU
		{A2B6E5CB-0796-417B-B2C2-19AD530FEB7E}.Release|Mixed Platforms.Build.0 = Release|Any CPU
		{A2B6E5CB-0796-417B-B2C2-19AD530FEB7E}.Release|x86.ActiveCfg = Release|Any CPU
	EndGlobalSection
	GlobalSection(SolutionProperties) = preSolution
		HideSolutionNode = FALSE
	EndGlobalSection
	GlobalSection(NestedProjects) = preSolution
		{D0F18997-D76B-42BA-B0AB-BBD5CEC49E19} = {A48A1A01-4C60-4729-B263-4197BD2F89F8}
		{BC7605C6-223D-4E81-8B95-EA684B5107A6} = {A48A1A01-4C60-4729-B263-4197BD2F89F8}
		{0E21BE1D-EEB7-46CF-9976-A052A51522BB} = {A48A1A01-4C60-4729-B263-4197BD2F89F8}
		{C7725431-C949-4085-BC0C-DE32D5E5263C} = {17AADAB2-4AB9-492B-A467-07435D6F716F}
		{FE3C0014-0400-4A8A-841D-D107A1DD25FB} = {17AADAB2-4AB9-492B-A467-07435D6F716F}
		{F45C4745-F6AC-467A-9302-C03B90BAAD98} = {C7725431-C949-4085-BC0C-DE32D5E5263C}
		{EC535354-2316-448D-97E2-DED93F646EDC} = {C7725431-C949-4085-BC0C-DE32D5E5263C}
		{0BC4F6BE-C933-407E-81C4-9CF7B6768470} = {C7725431-C949-4085-BC0C-DE32D5E5263C}
		{CE0AD809-2758-4FC0-A5E1-D38C9E628F9E} = {C7725431-C949-4085-BC0C-DE32D5E5263C}
		{6DD14FDB-BD8E-4485-BCF5-07F748C18718} = {C7725431-C949-4085-BC0C-DE32D5E5263C}
		{A50B901A-495F-47F9-922F-886A5DB56070} = {C7725431-C949-4085-BC0C-DE32D5E5263C}
		{CFD78DA0-1D4B-4C75-B379-1777A3AB5116} = {C7725431-C949-4085-BC0C-DE32D5E5263C}
		{4BDAB118-5531-46E6-9C6F-874E99BF194E} = {C7725431-C949-4085-BC0C-DE32D5E5263C}
		{B10B36D8-F8F7-4AC6-BA5C-435D9DFF3B95} = {C7725431-C949-4085-BC0C-DE32D5E5263C}
		{4C77CAE0-BE2B-4D8A-884F-551503FC9D7A} = {C7725431-C949-4085-BC0C-DE32D5E5263C}
		{0F166075-890A-4DFE-AD68-103F7713C550} = {C7725431-C949-4085-BC0C-DE32D5E5263C}
		{02DB2DD1-D82A-4F5B-BF90-42C212D5B271} = {C7725431-C949-4085-BC0C-DE32D5E5263C}
		{5C826EE1-EB64-4785-B165-F6D9866205DE} = {C7725431-C949-4085-BC0C-DE32D5E5263C}
		{C3D9E9A5-815C-43E8-A229-4673C63771E5} = {C7725431-C949-4085-BC0C-DE32D5E5263C}
		{38A01CD5-4096-472F-9E54-D407AD18750A} = {C7725431-C949-4085-BC0C-DE32D5E5263C}
		{3BFF635D-01F8-4F3E-92CD-33A317672301} = {C7725431-C949-4085-BC0C-DE32D5E5263C}
		{D6FD82A9-5C41-4E8B-A1A3-E92EDC459AF9} = {C7725431-C949-4085-BC0C-DE32D5E5263C}
		{0F4FEAAE-FA3B-4080-88C5-8D35035E2093} = {C7725431-C949-4085-BC0C-DE32D5E5263C}
		{43A5EB89-6561-4275-B043-962308F4FF4F} = {C7725431-C949-4085-BC0C-DE32D5E5263C}
		{01B3D7D8-7B39-4D47-B023-8D1EC228A0C1} = {C7725431-C949-4085-BC0C-DE32D5E5263C}
		{66C2F9F1-93C9-496A-B592-46B656EDA01A} = {C7725431-C949-4085-BC0C-DE32D5E5263C}
		{DAF788CA-DB58-48C5-B296-0BBB7D267876} = {C7725431-C949-4085-BC0C-DE32D5E5263C}
		{B5958101-0B7D-4F20-9039-83D22284C563} = {C7725431-C949-4085-BC0C-DE32D5E5263C}
		{A9172758-4646-48CA-997C-70345C104CF6} = {FE3C0014-0400-4A8A-841D-D107A1DD25FB}
		{DB219D4E-EB80-40C6-9F07-D94BE7B4537F} = {FE3C0014-0400-4A8A-841D-D107A1DD25FB}
		{378D18DA-E596-42FA-8400-475CF237A0B7} = {FE3C0014-0400-4A8A-841D-D107A1DD25FB}
		{01AA41A9-98E2-4C87-BE1C-87CBE4E87D56} = {FE3C0014-0400-4A8A-841D-D107A1DD25FB}
		{26B69983-6A49-42A6-BE8A-86224377E5D1} = {FE3C0014-0400-4A8A-841D-D107A1DD25FB}
		{1E329E6A-3614-473D-BFC1-3D33A093F215} = {FE3C0014-0400-4A8A-841D-D107A1DD25FB}
		{AB780B99-D290-4DB5-BB9C-1FF45BC1467E} = {FE3C0014-0400-4A8A-841D-D107A1DD25FB}
		{89376E8A-50B0-4D08-946A-E712EE823880} = {FE3C0014-0400-4A8A-841D-D107A1DD25FB}
		{B784A458-1D5C-444B-86D4-90F10ECADDEF} = {FE3C0014-0400-4A8A-841D-D107A1DD25FB}
		{1DD30FAF-9314-46A9-9E42-E84C4571169F} = {FE3C0014-0400-4A8A-841D-D107A1DD25FB}
		{1DF4C000-6855-42E5-867B-5214D34891A1} = {FE3C0014-0400-4A8A-841D-D107A1DD25FB}
		{83E097CE-FC2C-4E9B-B614-9D0329F44D86} = {FE3C0014-0400-4A8A-841D-D107A1DD25FB}
		{F3A1923A-49DD-4C07-A42F-9ACDDC523C8D} = {FE3C0014-0400-4A8A-841D-D107A1DD25FB}
		{2E7906B3-D4FC-410C-9552-BC7A186F2E6D} = {FE3C0014-0400-4A8A-841D-D107A1DD25FB}
		{E878A673-D398-44FF-847D-85C50C23293B} = {FE3C0014-0400-4A8A-841D-D107A1DD25FB}
		{318159D3-E12D-4BB0-B7DD-3CE2F7C626A1} = {FE3C0014-0400-4A8A-841D-D107A1DD25FB}
		{05AC3787-7354-47ED-9FE1-BF1D24C06BFA} = {FE3C0014-0400-4A8A-841D-D107A1DD25FB}
		{4A7339B3-2D18-4A14-A542-9AA45EAF67BC} = {FE3C0014-0400-4A8A-841D-D107A1DD25FB}
		{3D4711F7-D614-4132-A6DC-27A8949E1EE2} = {FE3C0014-0400-4A8A-841D-D107A1DD25FB}
		{0D757565-A89D-4DF1-AD88-82A72C8AE771} = {FE3C0014-0400-4A8A-841D-D107A1DD25FB}
		{A8F8AD23-11EC-41BE-B781-EC646C6B8C4A} = {FE3C0014-0400-4A8A-841D-D107A1DD25FB}
		{A2B6E5CB-0796-417B-B2C2-19AD530FEB7E} = {FE3C0014-0400-4A8A-841D-D107A1DD25FB}
	EndGlobalSection
EndGlobal
